<?xml version="1.0" encoding="utf-8"?>
<Project ToolsVersion="4.0" xmlns="http://schemas.microsoft.com/developer/msbuild/2003">
  <ItemGroup>
    <Filter Include="Source Files">
      <UniqueIdentifier>{4FC737F1-C7A5-4376-A066-2A32D752A2FF}</UniqueIdentifier>
      <Extensions>cpp;c;cc;cxx;c++;cppm;ixx;def;odl;idl;hpj;bat;asm;asmx</Extensions>
    </Filter>
    <Filter Include="Header Files">
      <UniqueIdentifier>{93995380-89BD-4b04-88EB-625FBE52EBFB}</UniqueIdentifier>
      <Extensions>h;hh;hpp;hxx;h++;hm;inl;inc;ipp;xsd</Extensions>
    </Filter>
    <Filter Include="Resource Files">
      <UniqueIdentifier>{67DA6AB6-F800-4c08-8B7A-83BB121AAD01}</UniqueIdentifier>
      <Extensions>rc;ico;cur;bmp;dlg;rc2;rct;bin;rgs;gif;jpg;jpeg;jpe;resx;tiff;tif;png;wav;mfcribbon-ms</Extensions>
    </Filter>
    <Filter Include="Header Files\nes">
      <UniqueIdentifier>{00e400e7-ba45-4ddd-8cfc-df2e36286629}</UniqueIdentifier>
    </Filter>
    <Filter Include="Source Files\nes">
      <UniqueIdentifier>{2a8a8f14-63f8-4f8b-891e-de156d10e2d8}</UniqueIdentifier>
    </Filter>
    <Filter Include="Source Files\GUI">
      <UniqueIdentifier>{0cd345ee-a08a-44a4-a310-043e6b54371d}</UniqueIdentifier>
    </Filter>
    <Filter Include="Header Files\GUI">
      <UniqueIdentifier>{8371824a-f197-451d-ab2a-d3e0452ecfe7}</UniqueIdentifier>
    </Filter>
    <Filter Include="Header Files\nes\CPU">
      <UniqueIdentifier>{2808411b-f356-4a97-a96d-ece9d2545aab}</UniqueIdentifier>
    </Filter>
    <Filter Include="Header Files\nes\ROM">
      <UniqueIdentifier>{5ba0ddcd-ec38-431b-90d5-c2899e22ae4e}</UniqueIdentifier>
    </Filter>
    <Filter Include="Source Files\nes\CPU">
      <UniqueIdentifier>{9f6a0000-9e9e-4692-a1cb-a455ca7305a2}</UniqueIdentifier>
    </Filter>
    <Filter Include="Source Files\nes\ROM">
      <UniqueIdentifier>{9a436348-7c92-465c-b930-6787ada5974e}</UniqueIdentifier>
    </Filter>
    <Filter Include="Header Files\nes\mappers">
      <UniqueIdentifier>{e8c31bd3-184f-4796-8aa3-dff1bcda750d}</UniqueIdentifier>
    </Filter>
    <Filter Include="Source Files\nes\mappers">
      <UniqueIdentifier>{acf8833d-8f70-4286-8767-9aaeafe050d2}</UniqueIdentifier>
    </Filter>
    <Filter Include="Header Files\GUI\Disassembler">
      <UniqueIdentifier>{6de8e503-d773-4a44-967f-543113676b44}</UniqueIdentifier>
    </Filter>
    <Filter Include="Source Files\GUI\Disassembler">
      <UniqueIdentifier>{63c28bfc-7d8c-442b-829f-408b252e74e6}</UniqueIdentifier>
    </Filter>
    <Filter Include="Source Files\utils">
      <UniqueIdentifier>{1c00bc2a-557d-43c5-880e-31d4275783c8}</UniqueIdentifier>
    </Filter>
    <Filter Include="Header Files\utils">
      <UniqueIdentifier>{b7189f26-15e7-44a1-b6dc-6f750ed91223}</UniqueIdentifier>
    </Filter>
    <Filter Include="Header Files\nes\PPU">
      <UniqueIdentifier>{d555e65d-9469-425a-8229-82d5edcc2941}</UniqueIdentifier>
    </Filter>
    <Filter Include="Source Files\nes\PPU">
      <UniqueIdentifier>{dfc92cdf-e7f8-4b79-8f3e-fe55ce6ac50f}</UniqueIdentifier>
    </Filter>
  </ItemGroup>
  <ItemGroup>
    <ClCompile Include="nes\Bus.cpp">
      <Filter>Source Files\nes</Filter>
    </ClCompile>
    <ClCompile Include="nes\BusDevice.cpp">
      <Filter>Source Files\nes</Filter>
    </ClCompile>
    <ClCompile Include="nes\RAMDevice.cpp">
      <Filter>Source Files\nes</Filter>
    </ClCompile>
    <ClCompile Include="GUI\LilyNESApp.cpp">
      <Filter>Source Files\GUI</Filter>
    </ClCompile>
    <ClCompile Include="GUI\wxMainFrame.cpp">
      <Filter>Source Files\GUI</Filter>
    </ClCompile>
    <ClCompile Include="nes\NES.cpp">
      <Filter>Source Files\nes</Filter>
    </ClCompile>
    <ClCompile Include="GUI\wxCPUStatePanel.cpp">
      <Filter>Source Files\GUI</Filter>
    </ClCompile>
    <ClCompile Include="GUI\wxRAMStatePanel.cpp">
      <Filter>Source Files\GUI</Filter>
    </ClCompile>
    <ClCompile Include="nes\CPU\CPU2A03.cpp">
      <Filter>Source Files\nes\CPU</Filter>
    </ClCompile>
    <ClCompile Include="nes\CPU\CPUInstruction.cpp">
      <Filter>Source Files\nes\CPU</Filter>
    </ClCompile>
    <ClCompile Include="nes\ROM\INESHeader.cpp">
      <Filter>Source Files\nes\ROM</Filter>
    </ClCompile>
    <ClCompile Include="nes\ROM\INESFile.cpp">
      <Filter>Source Files\nes\ROM</Filter>
    </ClCompile>
    <ClCompile Include="GUI\wxROMInfoFrame.cpp">
      <Filter>Source Files\GUI</Filter>
    </ClCompile>
    <ClCompile Include="nes\mappers\Cartridge.cpp">
      <Filter>Source Files\nes\mappers</Filter>
    </ClCompile>
    <ClCompile Include="nes\mappers\Mapper000.cpp">
      <Filter>Source Files\nes\mappers</Filter>
    </ClCompile>
    <ClCompile Include="GUI\Disassembler\wxLargeUnselectableListBox.cpp">
      <Filter>Source Files\GUI\Disassembler</Filter>
    </ClCompile>
    <ClCompile Include="GUI\Disassembler\wxDisassemblerPanel.cpp">
      <Filter>Source Files\GUI\Disassembler</Filter>
    </ClCompile>
    <ClCompile Include="utils\BitwiseUtils.cpp">
      <Filter>Source Files\utils</Filter>
    </ClCompile>
    <ClCompile Include="utils\NESUtils.cpp">
      <Filter>Source Files\utils</Filter>
    </ClCompile>
    <ClCompile Include="GUI\wxEmulationThread.cpp">
      <Filter>Source Files\GUI</Filter>
    </ClCompile>
    <ClCompile Include="nes\PPU\PPU2C02.cpp">
      <Filter>Source Files\nes\PPU</Filter>
    </ClCompile>
    <ClCompile Include="GUI\wxDisplayPanel.cpp">
      <Filter>Source Files\GUI</Filter>
    </ClCompile>
    <ClCompile Include="nes\PPU\NESPicture.cpp">
      <Filter>Source Files\nes\PPU</Filter>
    </ClCompile>
    <ClCompile Include="Environment.cpp">
      <Filter>Source Files</Filter>
    </ClCompile>
    <ClCompile Include="nes\PPU\PPURegisters.cpp">
      <Filter>Source Files\nes\PPU</Filter>
    </ClCompile>
    <ClCompile Include="nes\PPU\PPURendering.cpp">
      <Filter>Source Files\nes\PPU</Filter>
    </ClCompile>
    <ClCompile Include="GUI\wxPPUStatePanel.cpp">
      <Filter>Source Files\GUI</Filter>
    </ClCompile>
    <ClCompile Include="nes\PPU\PaletteRAMDevice.cpp">
      <Filter>Source Files\nes\PPU</Filter>
    </ClCompile>
    <ClCompile Include="GUI\wxPaletteRAMPanel.cpp">
      <Filter>Source Files\GUI</Filter>
    </ClCompile>
    <ClCompile Include="nes\PPU\Palette.cpp">
      <Filter>Source Files\nes\PPU</Filter>
    </ClCompile>
    <ClCompile Include="nes\PPU\PatternTableDevice.cpp">
      <Filter>Source Files\nes\PPU</Filter>
    </ClCompile>
    <ClCompile Include="GUI\wxPatternTablePanel.cpp">
      <Filter>Source Files\GUI</Filter>
    </ClCompile>
    <ClCompile Include="nes\PPU\NametableDevice.cpp">
      <Filter>Source Files\nes\PPU</Filter>
    </ClCompile>
    <ClCompile Include="nes\PPU\OAM.cpp">
      <Filter>Source Files\nes\PPU</Filter>
    </ClCompile>
    <ClCompile Include="nes\PPU\OAMDMADevice.cpp">
      <Filter>Source Files\nes\PPU</Filter>
    </ClCompile>
    <ClCompile Include="GUI\wxOAMPanel.cpp">
      <Filter>Source Files\GUI</Filter>
    </ClCompile>
    <ClCompile Include="nes\PPU\SecondaryOAM.cpp">
      <Filter>Source Files\nes\PPU</Filter>
    </ClCompile>
    <ClCompile Include="nes\ControllerDevice.cpp">
      <Filter>Source Files\nes</Filter>
    </ClCompile>
    <ClCompile Include="nes\mappers\Mapper002.cpp">
      <Filter>Source Files\nes\mappers</Filter>
    </ClCompile>
  </ItemGroup>
  <ItemGroup>
    <ClInclude Include="nes\Bus.h">
      <Filter>Header Files\nes</Filter>
    </ClInclude>
    <ClInclude Include="nes\BusDevice.h">
      <Filter>Header Files\nes</Filter>
    </ClInclude>
    <ClInclude Include="nes\RAMDevice.h">
      <Filter>Header Files\nes</Filter>
    </ClInclude>
    <ClInclude Include="GUI\LilyNESApp.h">
      <Filter>Header Files\GUI</Filter>
    </ClInclude>
    <ClInclude Include="GUI\wxMainFrame.h">
      <Filter>Header Files\GUI</Filter>
    </ClInclude>
    <ClInclude Include="nes\NES.h">
      <Filter>Header Files\nes</Filter>
    </ClInclude>
    <ClInclude Include="GUI\wxCPUStatePanel.h">
      <Filter>Header Files\GUI</Filter>
    </ClInclude>
    <ClInclude Include="GUI\wxNESStateEvent.h">
      <Filter>Header Files\GUI</Filter>
    </ClInclude>
    <ClInclude Include="GUI\wxRAMStatePanel.h">
      <Filter>Header Files\GUI</Filter>
    </ClInclude>
    <ClInclude Include="nes\CPU\CPU2A03.h">
      <Filter>Header Files\nes\CPU</Filter>
    </ClInclude>
    <ClInclude Include="nes\CPU\CPUInstruction.h">
      <Filter>Header Files\nes\CPU</Filter>
    </ClInclude>
    <ClInclude Include="nes\ROM\INESHeader.h">
      <Filter>Header Files\nes\ROM</Filter>
    </ClInclude>
    <ClInclude Include="nes\ROM\INESFile.h">
      <Filter>Header Files\nes\ROM</Filter>
    </ClInclude>
    <ClInclude Include="GUI\wxROMInfoFrame.h">
      <Filter>Header Files\GUI</Filter>
    </ClInclude>
    <ClInclude Include="nes\mappers\Cartridge.h">
      <Filter>Header Files\nes\mappers</Filter>
    </ClInclude>
    <ClInclude Include="nes\mappers\Mapper000.h">
      <Filter>Header Files\nes\mappers</Filter>
    </ClInclude>
    <ClInclude Include="GUI\Disassembler\wxLargeUnselectableListBox.h">
      <Filter>Header Files\GUI\Disassembler</Filter>
    </ClInclude>
    <ClInclude Include="GUI\Disassembler\wxDisassemblerPanel.h">
      <Filter>Header Files\GUI\Disassembler</Filter>
    </ClInclude>
    <ClInclude Include="utils\BitwiseUtils.h">
      <Filter>Header Files\utils</Filter>
    </ClInclude>
    <ClInclude Include="utils\NESUtils.h">
      <Filter>Header Files\utils</Filter>
    </ClInclude>
    <ClInclude Include="GUI\wxEmulationThread.h">
      <Filter>Header Files\GUI</Filter>
    </ClInclude>
    <ClInclude Include="nes\PPU\PPU2C02.h">
      <Filter>Header Files\nes\PPU</Filter>
    </ClInclude>
    <ClInclude Include="nes\PPU\NESPicture.h">
      <Filter>Header Files\nes\PPU</Filter>
    </ClInclude>
    <ClInclude Include="GUI\wxDisplayPanel.h">
      <Filter>Header Files\GUI</Filter>
    </ClInclude>
    <ClInclude Include="Environment.h">
      <Filter>Header Files</Filter>
    </ClInclude>
    <ClInclude Include="nes\PPU\PaletteRAMDevice.h">
      <Filter>Header Files\nes\PPU</Filter>
    </ClInclude>
    <ClInclude Include="GUI\wxPPUStatePanel.h">
      <Filter>Header Files\GUI</Filter>
    </ClInclude>
    <ClInclude Include="nes\PPU\Palette.h">
      <Filter>Header Files\nes\PPU</Filter>
    </ClInclude>
    <ClInclude Include="GUI\wxPaletteRAMPanel.h">
      <Filter>Header Files\GUI</Filter>
    </ClInclude>
    <ClInclude Include="nes\PPU\PatternTableDevice.h">
      <Filter>Header Files\nes\PPU</Filter>
    </ClInclude>
    <ClInclude Include="GUI\wxPatternTablePanel.h">
      <Filter>Header Files\GUI</Filter>
    </ClInclude>
    <ClInclude Include="nes\PPU\NametableDevice.h">
      <Filter>Header Files\nes\PPU</Filter>
    </ClInclude>
    <ClInclude Include="nes\PPU\OAM.h">
      <Filter>Header Files\nes\PPU</Filter>
    </ClInclude>
    <ClInclude Include="nes\PPU\OAMDMADevice.h">
      <Filter>Header Files\nes\PPU</Filter>
    </ClInclude>
    <ClInclude Include="GUI\wxOAMPanel.h">
      <Filter>Header Files\GUI</Filter>
    </ClInclude>
    <ClInclude Include="nes\PPU\SecondaryOAM.h">
      <Filter>Header Files\nes\PPU</Filter>
    </ClInclude>
    <ClInclude Include="nes\ControllerDevice.h">
      <Filter>Header Files\nes</Filter>
    </ClInclude>
    <ClInclude Include="nes\mappers\Mapper002.h">
      <Filter>Header Files\nes\mappers</Filter>
    </ClInclude>
  </ItemGroup>
</Project>